
Microsoft Visual Studio Solution File, Format Version 12.00
# Visual Studio Version 17
VisualStudioVersion = 17.13.35825.156 d17.13
MinimumVisualStudioVersion = 10.0.40219.1
Project("{FAE04EC0-301F-11D3-BF4B-00C04F79EFBC}") = "FizzBuzz", "FizzBuzz\FizzBuzz.csproj", "{8231CB48-C5EE-4385-9A23-82C54D9CE888}"
EndProject
Global
	GlobalSection(SolutionConfigurationPlatforms) = preSolution
		Debug|Any CPU = Debug|Any CPU
		Release|Any CPU = Release|Any CPU
	EndGlobalSection
	GlobalSection(ProjectConfigurationPlatforms) = postSolution
		{8231CB48-C5EE-4385-9A23-82C54D9CE888}.Debug|Any CPU.ActiveCfg = Debug|Any CPU
		{8231CB48-C5EE-4385-9A23-82C54D9CE888}.Debug|Any CPU.Build.0 = Debug|Any CPU
		{8231CB48-C5EE-4385-9A23-82C54D9CE888}.Release|Any CPU.ActiveCfg = Release|Any CPU
		{8231CB48-C5EE-4385-9A23-82C54D9CE888}.Release|Any CPU.Build.0 = Release|Any CPU
	EndGlobalSection
	GlobalSection(SolutionProperties) = preSolution
		HideSolutionNode = FALSE
	EndGlobalSection
	GlobalSection(ExtensibilityGlobals) = postSolution
		SolutionGuid = {9331CCF4-60D9-4D28-9DBF-95723298E0BB}
	EndGlobalSection
EndGlobal
